# THIS IS AN AUTOGENERATED FILE. DO NOT EDIT THIS FILE DIRECTLY.
# yarn lockfile v1


"@types/md5@^2.3.0":
  version "2.3.0"
  resolved "https://registry.nlark.com/@types/md5/download/@types/md5-2.3.0.tgz?cache=0&sync_timestamp=1621242081647&other_urls=https%3A%2F%2Fregistry.nlark.com%2F%40types%2Fmd5%2Fdownload%2F%40types%2Fmd5-2.3.0.tgz#3b6a623091160f4dc75be3173e25f2110dc3fa1f"
  integrity sha1-O2piMJEWD03HW+MXPiXyEQ3D+h8=
  dependencies:
    "@types/node" "*"

"@types/node@*", "@types/node@^15.6.0":
  version "15.6.0"
  resolved "https://registry.nlark.com/@types/node/download/@types/node-15.6.0.tgz#f0ddca5a61e52627c9dcb771a6039d44694597bc"
  integrity sha1-8N3KWmHlJifJ3LdxpgOdRGlFl7w=

charenc@0.0.2:
  version "0.0.2"
  resolved "https://registry.npm.taobao.org/charenc/download/charenc-0.0.2.tgz#c0a1d2f3a7092e03774bfa83f14c0fc5790a8667"
  integrity sha1-wKHS86cJLgN3S/qD8UwPxXkKhmc=

commander@3.0.2:
  version "3.0.2"
  resolved "https://registry.nlark.com/commander/download/commander-3.0.2.tgz?cache=0&sync_timestamp=1621726670324&other_urls=https%3A%2F%2Fregistry.nlark.com%2Fcommander%2Fdownload%2Fcommander-3.0.2.tgz#6837c3fb677ad9933d1cfba42dd14d5117d6b39e"
  integrity sha1-aDfD+2d62ZM9HPukLdFNURfWs54=

crypt@0.0.2:
  version "0.0.2"
  resolved "https://registry.nlark.com/crypt/download/crypt-0.0.2.tgz#88d7ff7ec0dfb86f713dc87bbb42d044d3e6c41b"
  integrity sha1-iNf/fsDfuG9xPch7u0LQRNPmxBs=

is-buffer@~1.1.6:
  version "1.1.6"
  resolved "https://registry.npm.taobao.org/is-buffer/download/is-buffer-1.1.6.tgz?cache=0&other_urls=https%3A%2F%2Fregistry.npm.taobao.org%2Fis-buffer%2Fdownload%2Fis-buffer-1.1.6.tgz#efaa2ea9daa0d7ab2ea13a97b2b8ad51fefbe8be"
  integrity sha1-76ouqdqg16suoTqXsritUf776L4=

md5@^2.3.0:
  version "2.3.0"
  resolved "https://registry.npm.taobao.org/md5/download/md5-2.3.0.tgz#c3da9a6aae3a30b46b7b0c349b87b110dc3bda4f"
  integrity sha1-w9qaaq46MLRreww0m4exENw72k8=
  dependencies:
    charenc "0.0.2"
    crypt "0.0.2"
    is-buffer "~1.1.6"
