# THIS IS AN AUTOGENERATED FILE. DO NOT EDIT THIS FILE DIRECTLY.
# yarn lockfile v1


"@types/node@^15.6.0":
  version "15.6.0"
  resolved "https://registry.nlark.com/@types/node/download/@types/node-15.6.0.tgz#f0ddca5a61e52627c9dcb771a6039d44694597bc"
  integrity sha1-8N3KWmHlJifJ3LdxpgOdRGlFl7w=

commander@3.0.2:
  version "3.0.2"
  resolved "https://registry.nlark.com/commander/download/commander-3.0.2.tgz?cache=0&sync_timestamp=1621726670324&other_urls=https%3A%2F%2Fregistry.nlark.com%2Fcommander%2Fdownload%2Fcommander-3.0.2.tgz#6837c3fb677ad9933d1cfba42dd14d5117d6b39e"
  integrity sha1-aDfD+2d62ZM9HPukLdFNURfWs54=
